id: inspector_qtgui_inspector_sink_vf
label: qtgui_inspector_sink_vf
category: '[inspector]'

templates:
  imports: import inspector
  make: inspector.qtgui_inspector_sink_vf(${samp_rate}, ${fft_len}, ${cfreq}, ${rf_unit}, ${msgports}, ${manual}, ${*parent})

#  Make one 'parameters' list entry for every Parameter you want settable from the GUI.
#     Sub-entries of dictionary:
#     * id (makes the value accessible as \$keyname, e.g. in the make entry)
#     * label
#     * dtype 
parameters:
- id: ...
  label: ...
  dtype: ...
- id: ...
  label: ...
  dtype: ...

#  Make one 'inputs' list entry per input. Sub-entries of dictionary:
#      * label (an identifier for the GUI)
#      * domain
#      * dtype
#      * vlen
#      * optional (set to 1 for optional inputs) 
inputs:
- label: ...
  domain: ...
  dtype: ...
  vlen: ...

#  Make one 'outputs' list entry per output. Sub-entries of dictionary:
#      * label (an identifier for the GUI)
#      * dtype
#      * vlen
#      * optional (set to 1 for optional inputs) 
- label: ...
  domain: ...
  dtype: ... #!-- e.g. int, float, complex, byte, short, xxx_vector, ...--

file_format: 1
